set_global_assignment -name DEVICE EP1S80F1508C6
set_global_assignment -name FAMILY Stratix
set_global_assignment -name INI_VARS "qatm_force_vqm=on;vqmo_gen_svgx_vqm=on"
set_global_assignment -name TOP_LEVEL_ENTITY ov5640_hdmi_top
set_global_assignment -name PROJECT_OUTPUT_DIRECTORY "D:/github_example/ov5640_hdmi_640x480/ov5640_hdmi_640x480.runs/synth_1"
set_global_assignment -name PROJECT_CREATION_TIME_DATE "2026-07-31 10:47:18"
set_global_assignment -name VERILOG_FILE "D:/github_example/ov5640_hdmi_640x480/ov5640_hdmi_640x480.srcs/sources_1/new/sil9134_hdmi/i2c_sil9134_hdmi_cfg.v"
set_global_assignment -name VERILOG_FILE "D:/github_example/ov5640_hdmi_640x480/ov5640_hdmi_640x480.srcs/sources_1/new/sdram/sdram_para.v"
set_global_assignment -name VERILOG_FILE "D:/github_example/ov5640_hdmi_640x480/ov5640_hdmi_640x480.srcs/sources_1/ip/clk_pll_1/clk_pll_1.v"
set_global_assignment -name VERILOG_FILE "D:/github_example/ov5640_hdmi_640x480/ov5640_hdmi_640x480.srcs/sources_1/new/sil9134_hdmi/sil9134_dri.v"
set_global_assignment -name VERILOG_FILE "D:/github_example/ov5640_hdmi_640x480/ov5640_hdmi_640x480.srcs/sources_1/new/sil9134_hdmi/i2c_dri.v"
set_global_assignment -name VERILOG_FILE "D:/github_example/ov5640_hdmi_640x480/ov5640_hdmi_640x480.srcs/sources_1/new/ov5640_init/ov5640_cfg.v"
set_global_assignment -name VERILOG_FILE "D:/github_example/ov5640_hdmi_640x480/ov5640_hdmi_640x480.srcs/sources_1/new/ov5640_init/ov5640_top.v"
set_global_assignment -name VERILOG_FILE "D:/github_example/ov5640_hdmi_640x480/ov5640_hdmi_640x480.srcs/sources_1/new/sdram/sdram_controller.v"
set_global_assignment -name VERILOG_FILE "D:/github_example/ov5640_hdmi_640x480/ov5640_hdmi_640x480.srcs/sources_1/new/ov5640_init/DVP_Capture.v"
set_global_assignment -name VERILOG_FILE "D:/github_example/ov5640_hdmi_640x480/ov5640_hdmi_640x480.srcs/sources_1/new/sdram/sdram_data.v"
set_global_assignment -name VERILOG_FILE "D:/github_example/ov5640_hdmi_640x480/ov5640_hdmi_640x480.srcs/sources_1/new/ov5640_init/i2c_ctrl.v"
set_global_assignment -name VERILOG_FILE "D:/github_example/ov5640_hdmi_640x480/ov5640_hdmi_640x480.srcs/sources_1/new/ov5640_hdmi_top.v"
set_global_assignment -name VERILOG_FILE "D:/github_example/ov5640_hdmi_640x480/ov5640_hdmi_640x480.srcs/sources_1/ip/rdFIFO/rdFIFO.v"
set_global_assignment -name VERILOG_FILE "D:/github_example/ov5640_hdmi_640x480/ov5640_hdmi_640x480.srcs/sources_1/new/sdram/sdram_top.v"
set_global_assignment -name VERILOG_FILE "D:/github_example/ov5640_hdmi_640x480/ov5640_hdmi_640x480.srcs/sources_1/ip/wrFIFO/wrFIFO.v"
set_global_assignment -name VERILOG_FILE "D:/github_example/ov5640_hdmi_640x480/ov5640_hdmi_640x480.srcs/sources_1/ip/clk_pll_2/clk_pll_2.v"
set_global_assignment -name VERILOG_FILE "D:/github_example/ov5640_hdmi_640x480/ov5640_hdmi_640x480.srcs/sources_1/new/sdram/sdram_ctrl.v"
set_global_assignment -name VERILOG_FILE "D:/github_example/ov5640_hdmi_640x480/ov5640_hdmi_640x480.srcs/sources_1/new/sdram/sdram_cmd.v"
set_global_assignment -name VERILOG_FILE "D:/github_example/ov5640_hdmi_640x480/ov5640_hdmi_640x480.srcs/sources_1/new/video_driver.v"
set_global_assignment -name VERILOG_FILE "D:/github_example/ov5640_hdmi_640x480/ov5640_hdmi_640x480.srcs/sources_1/new/sdram/sdram_fifo_ctrl.v"
set_global_assignment -name MAX_RAM_BLOCKS_M512 0
set_global_assignment -name MAX_RAM_BLOCKS_MRAM 0
set_global_assignment -name AUTO_MERGE_PLLS OFF
set_global_assignment -name AUTO_RAM_RECOGNITION ON
set_global_assignment -name AUTO_ROM_RECOGNITION ON
set_global_assignment -name DSP_BLOCK_BALANCING AUTO
set_global_assignment -name STRATIX_OPTIMIZATION_TECHNIQUE BALANCED
set_global_assignment -name VERILOG_INPUT_VERSION VERILOG_2001
