set_global_assignment -name DEVICE EP1S80F1508C6
set_global_assignment -name FAMILY Stratix
set_global_assignment -name INI_VARS "qatm_force_vqm=on;vqmo_gen_svgx_vqm=on"
set_global_assignment -name TOP_LEVEL_ENTITY eth_udp_loopback_gmii
set_global_assignment -name PROJECT_OUTPUT_DIRECTORY "D:/github_example/GMII_UDP_loopback_Timing_revise/GMII_UDP_loopback_Timing_revise.runs/synth_1"
set_global_assignment -name PROJECT_CREATION_TIME_DATE "2026-08-15 23:44:43"
set_global_assignment -name VERILOG_FILE "D:/github_example/GMII_UDP_loopback_Timing_revise/GMII_UDP_loopback_Timing_revise.srcs/sources_1/new/eth_udp_loopback_gmii.v"
set_global_assignment -name VERILOG_FILE "D:/github_example/GMII_UDP_loopback_Timing_revise/GMII_UDP_loopback_Timing_revise.srcs/sources_1/new/ip_checksum.v"
set_global_assignment -name VERILOG_FILE "D:/github_example/GMII_UDP_loopback_Timing_revise/GMII_UDP_loopback_Timing_revise.srcs/sources_1/new/crc32_d8.v"
set_global_assignment -name VERILOG_FILE "D:/github_example/GMII_UDP_loopback_Timing_revise/GMII_UDP_loopback_Timing_revise.srcs/sources_1/new/eth_udp_rx_gmii.v"
set_global_assignment -name VERILOG_FILE "D:/github_example/GMII_UDP_loopback_Timing_revise/GMII_UDP_loopback_Timing_revise.srcs/sources_1/new/eth_udp_tx_gmii.v"
set_global_assignment -name VERILOG_FILE "D:/github_example/GMII_UDP_loopback_Timing_revise/GMII_UDP_loopback_Timing_revise.srcs/sources_1/ip/eth_data_buf/eth_data_buf.v"
set_global_assignment -name VERILOG_FILE "D:/github_example/GMII_UDP_loopback_Timing_revise/GMII_UDP_loopback_Timing_revise.srcs/sources_1/ip/eth_msg_buf/eth_msg_buf.v"
set_global_assignment -name MAX_RAM_BLOCKS_M512 0
set_global_assignment -name MAX_RAM_BLOCKS_MRAM 0
set_global_assignment -name AUTO_MERGE_PLLS OFF
set_global_assignment -name AUTO_RAM_RECOGNITION ON
set_global_assignment -name AUTO_ROM_RECOGNITION ON
set_global_assignment -name DSP_BLOCK_BALANCING AUTO
set_global_assignment -name STRATIX_OPTIMIZATION_TECHNIQUE BALANCED
set_global_assignment -name VERILOG_INPUT_VERSION VERILOG_2001
